# This file is automatically @generated by Cargo.
# It is not intended for manual editing.
version = 3

[[package]]
name = "prusti-contracts"
version = "0.1.8"
source = "registry+https://github.com/rust-lang/crates.io-index"
checksum = "aa3e18b623279c8b54ecbed69d4404210b5a0b0d28a4c6d630206f747cf3c2cd"
dependencies = [
 "prusti-contracts-proc-macros",
]

[[package]]
name = "prusti-contracts-proc-macros"
version = "0.1.8"
source = "registry+https://github.com/rust-lang/crates.io-index"
checksum = "84373ea329472b1db3a7577a8f2814f52c56960c4115641f65327e6b6c8eae9e"

[[package]]
name = "prusti-std"
version = "0.1.8"
source = "registry+https://github.com/rust-lang/crates.io-index"
checksum = "b8887865f63c541d8eaaa41a8b28262dd5bbc5657e23b85583d30d00a87f1979"
dependencies = [
 "prusti-contracts",
]

[[package]]
name = "prusti-test"
version = "0.1.0"
dependencies = [
 "prusti-contracts",
 "prusti-std",
]
